
Microsoft Visual Studio Solution File, Format Version 12.00
# Visual Studio Version 17
VisualStudioVersion = 17.10.34928.147
MinimumVisualStudioVersion = 10.0.40219.1
Project("{9A19103F-16F7-4668-BE54-9A1E7A4F7556}") = "Adv-cc 01", "Adv-cc 01\Adv-cc 01.csproj", "{3259468A-B98F-4692-B3B9-CA8DBD944141}"
EndProject
Global
	GlobalSection(SolutionConfigurationPlatforms) = preSolution
		Debug|Any CPU = Debug|Any CPU
		Release|Any CPU = Release|Any CPU
	EndGlobalSection
	GlobalSection(ProjectConfigurationPlatforms) = postSolution
		{3259468A-B98F-4692-B3B9-CA8DBD944141}.Debug|Any CPU.ActiveCfg = Debug|Any CPU
		{3259468A-B98F-4692-B3B9-CA8DBD944141}.Debug|Any CPU.Build.0 = Debug|Any CPU
		{3259468A-B98F-4692-B3B9-CA8DBD944141}.Release|Any CPU.ActiveCfg = Release|Any CPU
		{3259468A-B98F-4692-B3B9-CA8DBD944141}.Release|Any CPU.Build.0 = Release|Any CPU
	EndGlobalSection
	GlobalSection(SolutionProperties) = preSolution
		HideSolutionNode = FALSE
	EndGlobalSection
	GlobalSection(ExtensibilityGlobals) = postSolution
		SolutionGuid = {EE92085D-18CE-4066-953E-7DB873171F33}
	EndGlobalSection
EndGlobal
