
Microsoft Visual Studio Solution File, Format Version 12.00
# Visual Studio Version 17
VisualStudioVersion = 17.10.34928.147
MinimumVisualStudioVersion = 10.0.40219.1
Project("{9A19103F-16F7-4668-BE54-9A1E7A4F7556}") = "Adv-cc 01", "Adv-cc 01\Adv-cc 01.csproj", "{3259468A-B98F-4692-B3B9-CA8DBD944141}"
EndProject
Project("{FAE04EC0-301F-11D3-BF4B-00C04F79EFBC}") = "console-based", "console-based\console-based.csproj", "{BE3193E0-704E-4AD1-AE3E-46717473F10C}"
EndProject
Project("{9A19103F-16F7-4668-BE54-9A1E7A4F7556}") = "Find Duplicates in Array", "Find Duplicates in Array\Find Duplicates in Array.csproj", "{F6676053-12EE-44BE-A95A-B545E26757CC}"
EndProject
Project("{9A19103F-16F7-4668-BE54-9A1E7A4F7556}") = "CommonElementsFinder", "CommonElementsFinder\CommonElementsFinder.csproj", "{5D11837B-5D29-40A6-9F36-130A78227903}"
EndProject
Project("{9A19103F-16F7-4668-BE54-9A1E7A4F7556}") = "TestProject", "TestProject\TestProject.csproj", "{8DDAF453-3274-4521-9DC0-6C1C8DDECE6D}"
EndProject
Project("{9A19103F-16F7-4668-BE54-9A1E7A4F7556}") = "Reverse-Words", "Reverse-Words\Reverse-Words.csproj", "{D17886EA-6D83-43D1-84E8-2D455537B2C2}"
EndProject
Project("{2150E333-8FDC-42A3-9474-1A3956D46DE8}") = "Data Structures", "Data Structures", "{2E96D84D-C58C-4701-9F52-0B27E4A08AD5}"
EndProject
Project("{2150E333-8FDC-42A3-9474-1A3956D46DE8}") = "LinkedList", "LinkedList", "{0F3AE2AD-DF44-4E79-B098-4F474971A9E7}"
EndProject
Project("{9A19103F-16F7-4668-BE54-9A1E7A4F7556}") = "LinkedList-1", "LinkedList-1\LinkedList-1.csproj", "{10C3DA79-8A1B-4C61-A198-F0E4B6835DEC}"
EndProject
Project("{9A19103F-16F7-4668-BE54-9A1E7A4F7556}") = "Linked-List-Remove-Duplicates", "Linked-List-Remove-Duplicates\Linked-List-Remove-Duplicates.csproj", "{4E19974F-CEFC-44FF-97DA-C1F03358B2E5}"
EndProject
Project("{FAE04EC0-301F-11D3-BF4B-00C04F79EFBC}") = "LinkedListImplementation", "LinkedListImplementation\LinkedListImplementation.csproj", "{569C4EAE-BF0A-4802-BCE5-946BD89722B8}"
EndProject
Global
	GlobalSection(SolutionConfigurationPlatforms) = preSolution
		Debug|Any CPU = Debug|Any CPU
		Release|Any CPU = Release|Any CPU
	EndGlobalSection
	GlobalSection(ProjectConfigurationPlatforms) = postSolution
		{3259468A-B98F-4692-B3B9-CA8DBD944141}.Debug|Any CPU.ActiveCfg = Debug|Any CPU
		{3259468A-B98F-4692-B3B9-CA8DBD944141}.Debug|Any CPU.Build.0 = Debug|Any CPU
		{3259468A-B98F-4692-B3B9-CA8DBD944141}.Release|Any CPU.ActiveCfg = Release|Any CPU
		{3259468A-B98F-4692-B3B9-CA8DBD944141}.Release|Any CPU.Build.0 = Release|Any CPU
		{BE3193E0-704E-4AD1-AE3E-46717473F10C}.Debug|Any CPU.ActiveCfg = Debug|Any CPU
		{BE3193E0-704E-4AD1-AE3E-46717473F10C}.Debug|Any CPU.Build.0 = Debug|Any CPU
		{BE3193E0-704E-4AD1-AE3E-46717473F10C}.Release|Any CPU.ActiveCfg = Release|Any CPU
		{BE3193E0-704E-4AD1-AE3E-46717473F10C}.Release|Any CPU.Build.0 = Release|Any CPU
		{F6676053-12EE-44BE-A95A-B545E26757CC}.Debug|Any CPU.ActiveCfg = Debug|Any CPU
		{F6676053-12EE-44BE-A95A-B545E26757CC}.Debug|Any CPU.Build.0 = Debug|Any CPU
		{F6676053-12EE-44BE-A95A-B545E26757CC}.Release|Any CPU.ActiveCfg = Release|Any CPU
		{F6676053-12EE-44BE-A95A-B545E26757CC}.Release|Any CPU.Build.0 = Release|Any CPU
		{5D11837B-5D29-40A6-9F36-130A78227903}.Debug|Any CPU.ActiveCfg = Debug|Any CPU
		{5D11837B-5D29-40A6-9F36-130A78227903}.Debug|Any CPU.Build.0 = Debug|Any CPU
		{5D11837B-5D29-40A6-9F36-130A78227903}.Release|Any CPU.ActiveCfg = Release|Any CPU
		{5D11837B-5D29-40A6-9F36-130A78227903}.Release|Any CPU.Build.0 = Release|Any CPU
		{8DDAF453-3274-4521-9DC0-6C1C8DDECE6D}.Debug|Any CPU.ActiveCfg = Debug|Any CPU
		{8DDAF453-3274-4521-9DC0-6C1C8DDECE6D}.Debug|Any CPU.Build.0 = Debug|Any CPU
		{8DDAF453-3274-4521-9DC0-6C1C8DDECE6D}.Release|Any CPU.ActiveCfg = Release|Any CPU
		{8DDAF453-3274-4521-9DC0-6C1C8DDECE6D}.Release|Any CPU.Build.0 = Release|Any CPU
		{D17886EA-6D83-43D1-84E8-2D455537B2C2}.Debug|Any CPU.ActiveCfg = Debug|Any CPU
		{D17886EA-6D83-43D1-84E8-2D455537B2C2}.Debug|Any CPU.Build.0 = Debug|Any CPU
		{D17886EA-6D83-43D1-84E8-2D455537B2C2}.Release|Any CPU.ActiveCfg = Release|Any CPU
		{D17886EA-6D83-43D1-84E8-2D455537B2C2}.Release|Any CPU.Build.0 = Release|Any CPU
		{10C3DA79-8A1B-4C61-A198-F0E4B6835DEC}.Debug|Any CPU.ActiveCfg = Debug|Any CPU
		{10C3DA79-8A1B-4C61-A198-F0E4B6835DEC}.Debug|Any CPU.Build.0 = Debug|Any CPU
		{10C3DA79-8A1B-4C61-A198-F0E4B6835DEC}.Release|Any CPU.ActiveCfg = Release|Any CPU
		{10C3DA79-8A1B-4C61-A198-F0E4B6835DEC}.Release|Any CPU.Build.0 = Release|Any CPU
		{4E19974F-CEFC-44FF-97DA-C1F03358B2E5}.Debug|Any CPU.ActiveCfg = Debug|Any CPU
		{4E19974F-CEFC-44FF-97DA-C1F03358B2E5}.Debug|Any CPU.Build.0 = Debug|Any CPU
		{4E19974F-CEFC-44FF-97DA-C1F03358B2E5}.Release|Any CPU.ActiveCfg = Release|Any CPU
		{4E19974F-CEFC-44FF-97DA-C1F03358B2E5}.Release|Any CPU.Build.0 = Release|Any CPU
		{569C4EAE-BF0A-4802-BCE5-946BD89722B8}.Debug|Any CPU.ActiveCfg = Debug|Any CPU
		{569C4EAE-BF0A-4802-BCE5-946BD89722B8}.Debug|Any CPU.Build.0 = Debug|Any CPU
		{569C4EAE-BF0A-4802-BCE5-946BD89722B8}.Release|Any CPU.ActiveCfg = Release|Any CPU
		{569C4EAE-BF0A-4802-BCE5-946BD89722B8}.Release|Any CPU.Build.0 = Release|Any CPU
	EndGlobalSection
	GlobalSection(SolutionProperties) = preSolution
		HideSolutionNode = FALSE
	EndGlobalSection
	GlobalSection(NestedProjects) = preSolution
		{0F3AE2AD-DF44-4E79-B098-4F474971A9E7} = {2E96D84D-C58C-4701-9F52-0B27E4A08AD5}
		{10C3DA79-8A1B-4C61-A198-F0E4B6835DEC} = {0F3AE2AD-DF44-4E79-B098-4F474971A9E7}
		{4E19974F-CEFC-44FF-97DA-C1F03358B2E5} = {0F3AE2AD-DF44-4E79-B098-4F474971A9E7}
		{569C4EAE-BF0A-4802-BCE5-946BD89722B8} = {0F3AE2AD-DF44-4E79-B098-4F474971A9E7}
	EndGlobalSection
	GlobalSection(ExtensibilityGlobals) = postSolution
		SolutionGuid = {EE92085D-18CE-4066-953E-7DB873171F33}
	EndGlobalSection
EndGlobal
